
Microsoft Visual Studio Solution File, Format Version 12.00
# Visual Studio Version 16
VisualStudioVersion = 16.6.30114.105
MinimumVisualStudioVersion = 10.0.40219.1
Project("{FAE04EC0-301F-11D3-BF4B-00C04F79EFBC}") = "Extensions.Caching.Tags", "Extensions.Caching.Tags\Extensions.Caching.Tags.csproj", "{7A88BB1C-CF03-40EF-A19C-13CE0B9FF671}"
EndProject
Project("{FAE04EC0-301F-11D3-BF4B-00C04F79EFBC}") = "Tests", "Tests\Tests.csproj", "{93AED86E-5250-40CA-A8DC-C6EDFDD5A739}"
EndProject
Global
	GlobalSection(SolutionConfigurationPlatforms) = preSolution
		Debug|Any CPU = Debug|Any CPU
		Debug|x64 = Debug|x64
		Debug|x86 = Debug|x86
		Release|Any CPU = Release|Any CPU
		Release|x64 = Release|x64
		Release|x86 = Release|x86
	EndGlobalSection
	GlobalSection(SolutionProperties) = preSolution
		HideSolutionNode = FALSE
	EndGlobalSection
	GlobalSection(ProjectConfigurationPlatforms) = postSolution
		{7A88BB1C-CF03-40EF-A19C-13CE0B9FF671}.Debug|Any CPU.ActiveCfg = Debug|Any CPU
		{7A88BB1C-CF03-40EF-A19C-13CE0B9FF671}.Debug|Any CPU.Build.0 = Debug|Any CPU
		{7A88BB1C-CF03-40EF-A19C-13CE0B9FF671}.Debug|x64.ActiveCfg = Debug|Any CPU
		{7A88BB1C-CF03-40EF-A19C-13CE0B9FF671}.Debug|x64.Build.0 = Debug|Any CPU
		{7A88BB1C-CF03-40EF-A19C-13CE0B9FF671}.Debug|x86.ActiveCfg = Debug|Any CPU
		{7A88BB1C-CF03-40EF-A19C-13CE0B9FF671}.Debug|x86.Build.0 = Debug|Any CPU
		{7A88BB1C-CF03-40EF-A19C-13CE0B9FF671}.Release|Any CPU.ActiveCfg = Release|Any CPU
		{7A88BB1C-CF03-40EF-A19C-13CE0B9FF671}.Release|Any CPU.Build.0 = Release|Any CPU
		{7A88BB1C-CF03-40EF-A19C-13CE0B9FF671}.Release|x64.ActiveCfg = Release|Any CPU
		{7A88BB1C-CF03-40EF-A19C-13CE0B9FF671}.Release|x64.Build.0 = Release|Any CPU
		{7A88BB1C-CF03-40EF-A19C-13CE0B9FF671}.Release|x86.ActiveCfg = Release|Any CPU
		{7A88BB1C-CF03-40EF-A19C-13CE0B9FF671}.Release|x86.Build.0 = Release|Any CPU
		{93AED86E-5250-40CA-A8DC-C6EDFDD5A739}.Debug|Any CPU.ActiveCfg = Debug|Any CPU
		{93AED86E-5250-40CA-A8DC-C6EDFDD5A739}.Debug|Any CPU.Build.0 = Debug|Any CPU
		{93AED86E-5250-40CA-A8DC-C6EDFDD5A739}.Debug|x64.ActiveCfg = Debug|Any CPU
		{93AED86E-5250-40CA-A8DC-C6EDFDD5A739}.Debug|x64.Build.0 = Debug|Any CPU
		{93AED86E-5250-40CA-A8DC-C6EDFDD5A739}.Debug|x86.ActiveCfg = Debug|Any CPU
		{93AED86E-5250-40CA-A8DC-C6EDFDD5A739}.Debug|x86.Build.0 = Debug|Any CPU
		{93AED86E-5250-40CA-A8DC-C6EDFDD5A739}.Release|Any CPU.ActiveCfg = Release|Any CPU
		{93AED86E-5250-40CA-A8DC-C6EDFDD5A739}.Release|Any CPU.Build.0 = Release|Any CPU
		{93AED86E-5250-40CA-A8DC-C6EDFDD5A739}.Release|x64.ActiveCfg = Release|Any CPU
		{93AED86E-5250-40CA-A8DC-C6EDFDD5A739}.Release|x64.Build.0 = Release|Any CPU
		{93AED86E-5250-40CA-A8DC-C6EDFDD5A739}.Release|x86.ActiveCfg = Release|Any CPU
		{93AED86E-5250-40CA-A8DC-C6EDFDD5A739}.Release|x86.Build.0 = Release|Any CPU
	EndGlobalSection
EndGlobal
